
Microsoft Visual Studio Solution File, Format Version 12.00
# Visual Studio Version 17
VisualStudioVersion = 17.3.32825.248
MinimumVisualStudioVersion = 10.0.40219.1
Project("{8BC9CEB8-8B4A-11D0-8D11-00A0C91BC942}") = "Lab 4 . 1", "Lab 4 . 1\Lab 4 . 1.vcxproj", "{27FC87B7-22CC-40DE-9D7C-3B046CDF25FC}"
EndProject
Project("{8BC9CEB8-8B4A-11D0-8D11-00A0C91BC942}") = "Lab 4 . 2", "Lab 4 . 2\Lab 4 . 2.vcxproj", "{20EA9F9E-FA2E-4966-8275-60BF16FFF7CF}"
EndProject
Project("{8BC9CEB8-8B4A-11D0-8D11-00A0C91BC942}") = "Lab 4 . 3", "Lab 4 . 3\Lab 4 . 3.vcxproj", "{888B7749-B57A-404F-B0D6-0DAF26FAC2D3}"
EndProject
Global
	GlobalSection(SolutionConfigurationPlatforms) = preSolution
		Debug|x64 = Debug|x64
		Debug|x86 = Debug|x86
		Release|x64 = Release|x64
		Release|x86 = Release|x86
	EndGlobalSection
	GlobalSection(ProjectConfigurationPlatforms) = postSolution
		{27FC87B7-22CC-40DE-9D7C-3B046CDF25FC}.Debug|x64.ActiveCfg = Debug|x64
		{27FC87B7-22CC-40DE-9D7C-3B046CDF25FC}.Debug|x64.Build.0 = Debug|x64
		{27FC87B7-22CC-40DE-9D7C-3B046CDF25FC}.Debug|x86.ActiveCfg = Debug|Win32
		{27FC87B7-22CC-40DE-9D7C-3B046CDF25FC}.Debug|x86.Build.0 = Debug|Win32
		{27FC87B7-22CC-40DE-9D7C-3B046CDF25FC}.Release|x64.ActiveCfg = Release|x64
		{27FC87B7-22CC-40DE-9D7C-3B046CDF25FC}.Release|x64.Build.0 = Release|x64
		{27FC87B7-22CC-40DE-9D7C-3B046CDF25FC}.Release|x86.ActiveCfg = Release|Win32
		{27FC87B7-22CC-40DE-9D7C-3B046CDF25FC}.Release|x86.Build.0 = Release|Win32
		{20EA9F9E-FA2E-4966-8275-60BF16FFF7CF}.Debug|x64.ActiveCfg = Debug|x64
		{20EA9F9E-FA2E-4966-8275-60BF16FFF7CF}.Debug|x64.Build.0 = Debug|x64
		{20EA9F9E-FA2E-4966-8275-60BF16FFF7CF}.Debug|x86.ActiveCfg = Debug|Win32
		{20EA9F9E-FA2E-4966-8275-60BF16FFF7CF}.Debug|x86.Build.0 = Debug|Win32
		{20EA9F9E-FA2E-4966-8275-60BF16FFF7CF}.Release|x64.ActiveCfg = Release|x64
		{20EA9F9E-FA2E-4966-8275-60BF16FFF7CF}.Release|x64.Build.0 = Release|x64
		{20EA9F9E-FA2E-4966-8275-60BF16FFF7CF}.Release|x86.ActiveCfg = Release|Win32
		{20EA9F9E-FA2E-4966-8275-60BF16FFF7CF}.Release|x86.Build.0 = Release|Win32
		{888B7749-B57A-404F-B0D6-0DAF26FAC2D3}.Debug|x64.ActiveCfg = Debug|x64
		{888B7749-B57A-404F-B0D6-0DAF26FAC2D3}.Debug|x64.Build.0 = Debug|x64
		{888B7749-B57A-404F-B0D6-0DAF26FAC2D3}.Debug|x86.ActiveCfg = Debug|Win32
		{888B7749-B57A-404F-B0D6-0DAF26FAC2D3}.Debug|x86.Build.0 = Debug|Win32
		{888B7749-B57A-404F-B0D6-0DAF26FAC2D3}.Release|x64.ActiveCfg = Release|x64
		{888B7749-B57A-404F-B0D6-0DAF26FAC2D3}.Release|x64.Build.0 = Release|x64
		{888B7749-B57A-404F-B0D6-0DAF26FAC2D3}.Release|x86.ActiveCfg = Release|Win32
		{888B7749-B57A-404F-B0D6-0DAF26FAC2D3}.Release|x86.Build.0 = Release|Win32
	EndGlobalSection
	GlobalSection(SolutionProperties) = preSolution
		HideSolutionNode = FALSE
	EndGlobalSection
	GlobalSection(ExtensibilityGlobals) = postSolution
		SolutionGuid = {7B5A0138-F434-481C-AB06-8447B21DA32F}
	EndGlobalSection
EndGlobal
